
Microsoft Visual Studio Solution File, Format Version 12.00
# Visual Studio Version 16
VisualStudioVersion = 16.0.30907.101
MinimumVisualStudioVersion = 10.0.40219.1
Project("{2150E333-8FDC-42A3-9474-1A3956D46DE8}") = "src", "src", "{EAC91A04-5854-4818-9C15-3B86F7F50D7D}"
EndProject
Project("{2150E333-8FDC-42A3-9474-1A3956D46DE8}") = "tests", "tests", "{3AE3D570-DB18-45A4-8A92-8A28DA656360}"
EndProject
Project("{FAE04EC0-301F-11D3-BF4B-00C04F79EFBC}") = "GothicModComposer.UnitTests", "tests\GothicModComposer.UnitTests\GothicModComposer.UnitTests.csproj", "{B40FD3BF-AC93-4B76-AFBC-5158AC910EA9}"
EndProject
Project("{FAE04EC0-301F-11D3-BF4B-00C04F79EFBC}") = "GothicModComposer.Core", "src\GothicModComposer.Core\GothicModComposer.Core.csproj", "{37AADE4B-B780-4A79-ADD0-EF25453DE510}"
EndProject
Project("{FAE04EC0-301F-11D3-BF4B-00C04F79EFBC}") = "GothicModComposer.UI", "src\GothicModComposer.UI\GothicModComposer.UI.csproj", "{DA3A58DD-A11E-4D82-93CC-616A0B2AA758}"
EndProject
Global
	GlobalSection(SolutionConfigurationPlatforms) = preSolution
		Debug|Any CPU = Debug|Any CPU
		Release|Any CPU = Release|Any CPU
	EndGlobalSection
	GlobalSection(ProjectConfigurationPlatforms) = postSolution
		{B40FD3BF-AC93-4B76-AFBC-5158AC910EA9}.Debug|Any CPU.ActiveCfg = Debug|Any CPU
		{B40FD3BF-AC93-4B76-AFBC-5158AC910EA9}.Debug|Any CPU.Build.0 = Debug|Any CPU
		{B40FD3BF-AC93-4B76-AFBC-5158AC910EA9}.Release|Any CPU.ActiveCfg = Release|Any CPU
		{B40FD3BF-AC93-4B76-AFBC-5158AC910EA9}.Release|Any CPU.Build.0 = Release|Any CPU
		{37AADE4B-B780-4A79-ADD0-EF25453DE510}.Debug|Any CPU.ActiveCfg = Debug|Any CPU
		{37AADE4B-B780-4A79-ADD0-EF25453DE510}.Debug|Any CPU.Build.0 = Debug|Any CPU
		{37AADE4B-B780-4A79-ADD0-EF25453DE510}.Release|Any CPU.ActiveCfg = Release|Any CPU
		{37AADE4B-B780-4A79-ADD0-EF25453DE510}.Release|Any CPU.Build.0 = Release|Any CPU
		{DA3A58DD-A11E-4D82-93CC-616A0B2AA758}.Debug|Any CPU.ActiveCfg = Debug|Any CPU
		{DA3A58DD-A11E-4D82-93CC-616A0B2AA758}.Debug|Any CPU.Build.0 = Debug|Any CPU
		{DA3A58DD-A11E-4D82-93CC-616A0B2AA758}.Release|Any CPU.ActiveCfg = Release|Any CPU
		{DA3A58DD-A11E-4D82-93CC-616A0B2AA758}.Release|Any CPU.Build.0 = Release|Any CPU
	EndGlobalSection
	GlobalSection(SolutionProperties) = preSolution
		HideSolutionNode = FALSE
	EndGlobalSection
	GlobalSection(NestedProjects) = preSolution
		{B40FD3BF-AC93-4B76-AFBC-5158AC910EA9} = {3AE3D570-DB18-45A4-8A92-8A28DA656360}
		{37AADE4B-B780-4A79-ADD0-EF25453DE510} = {EAC91A04-5854-4818-9C15-3B86F7F50D7D}
		{DA3A58DD-A11E-4D82-93CC-616A0B2AA758} = {EAC91A04-5854-4818-9C15-3B86F7F50D7D}
	EndGlobalSection
	GlobalSection(ExtensibilityGlobals) = postSolution
		SolutionGuid = {70BE9BB3-F370-4478-A706-0F712B73E2E3}
	EndGlobalSection
EndGlobal
